// !$*UTF8*$!
{
	archiveVersion = 1;
	classes = {
	};
	objectVersion = 46;
	objects = {

/* Begin PBXBuildFile section */
		161799471CBC1E0600576D25 /* TreeNode.cpp in Sources */ = {isa = PBXBuildFile; fileRef = 161799451CBC1E0600576D25 /* TreeNode.cpp */; };
		168E90491CBC2D450064CBC7 /* CTECBinaryTree.cpp in Sources */ = {isa = PBXBuildFile; fileRef = 168E90471CBC2D450064CBC7 /* CTECBinaryTree.cpp */; };
/* End PBXBuildFile section */

/* Begin PBXCopyFilesBuildPhase section */
		16D716F11C9B2DE400838DEC /* CopyFiles */ = {
			isa = PBXCopyFilesBuildPhase;
			buildActionMask = 2147483647;
			dstPath = /usr/share/man/man1/;
			dstSubfolderSpec = 0;
			files = (
			);
			runOnlyForDeploymentPostprocessing = 1;
		};
/* End PBXCopyFilesBuildPhase section */

/* Begin PBXFileReference section */
		161799451CBC1E0600576D25 /* TreeNode.cpp */ = {isa = PBXFileReference; fileEncoding = 4; lastKnownFileType = sourcecode.cpp.cpp; path = TreeNode.cpp; sourceTree = "<group>"; };
		161799461CBC1E0600576D25 /* TreeNode.hpp */ = {isa = PBXFileReference; fileEncoding = 4; lastKnownFileType = sourcecode.cpp.h; path = TreeNode.hpp; sourceTree = "<group>"; };
		168E90471CBC2D450064CBC7 /* CTECBinaryTree.cpp */ = {isa = PBXFileReference; fileEncoding = 4; lastKnownFileType = sourcecode.cpp.cpp; path = CTECBinaryTree.cpp; sourceTree = "<group>"; };
		168E90481CBC2D450064CBC7 /* CTECBinaryTree.hpp */ = {isa = PBXFileReference; fileEncoding = 4; lastKnownFileType = sourcecode.cpp.h; path = CTECBinaryTree.hpp; sourceTree = "<group>"; };
		16D716F31C9B2DE400838DEC /* NodeStuff */ = {isa = PBXFileReference; explicitFileType = "compiled.mach-o.executable"; includeInIndex = 0; path = NodeStuff; sourceTree = BUILT_PRODUCTS_DIR; };
		16D716FE1C9B2E5600838DEC /* Controller */ = {isa = PBXFileReference; lastKnownFileType = folder; name = Controller; path = ../../../cWorkSpace/NodeProject/src/Controller; sourceTree = "<group>"; };
		16D716FF1C9B2E5600838DEC /* Model */ = {isa = PBXFileReference; lastKnownFileType = folder; name = Model; path = ../../../cWorkSpace/NodeProject/src/Model; sourceTree = "<group>"; };
/* End PBXFileReference section */

/* Begin PBXFrameworksBuildPhase section */
		16D716F01C9B2DE400838DEC /* Frameworks */ = {
			isa = PBXFrameworksBuildPhase;
			buildActionMask = 2147483647;
			files = (
			);
			runOnlyForDeploymentPostprocessing = 0;
		};
/* End PBXFrameworksBuildPhase section */

/* Begin PBXGroup section */
		16D716EA1C9B2DE400838DEC = {
			isa = PBXGroup;
			children = (
				16D716F51C9B2DE400838DEC /* NodeStuff */,
				16D716F41C9B2DE400838DEC /* Products */,
			);
			sourceTree = "<group>";
		};
		16D716F41C9B2DE400838DEC /* Products */ = {
			isa = PBXGroup;
			children = (
				16D716F31C9B2DE400838DEC /* NodeStuff */,
			);
			name = Products;
			sourceTree = "<group>";
		};
		16D716F51C9B2DE400838DEC /* NodeStuff */ = {
			isa = PBXGroup;
			children = (
				16D716FE1C9B2E5600838DEC /* Controller */,
				16D716FF1C9B2E5600838DEC /* Model */,
				161799451CBC1E0600576D25 /* TreeNode.cpp */,
				161799461CBC1E0600576D25 /* TreeNode.hpp */,
				168E90471CBC2D450064CBC7 /* CTECBinaryTree.cpp */,
				168E90481CBC2D450064CBC7 /* CTECBinaryTree.hpp */,
			);
			path = NodeStuff;
			sourceTree = "<group>";
		};
/* End PBXGroup section */

/* Begin PBXNativeTarget section */
		16D716F21C9B2DE400838DEC /* NodeStuff */ = {
			isa = PBXNativeTarget;
			buildConfigurationList = 16D716FA1C9B2DE400838DEC /* Build configuration list for PBXNativeTarget "NodeStuff" */;
			buildPhases = (
				16D716EF1C9B2DE400838DEC /* Sources */,
				16D716F01C9B2DE400838DEC /* Frameworks */,
				16D716F11C9B2DE400838DEC /* CopyFiles */,
			);
			buildRules = (
			);
			dependencies = (
			);
			name = NodeStuff;
			productName = NodeStuff;
			productReference = 16D716F31C9B2DE400838DEC /* NodeStuff */;
			productType = "com.apple.product-type.tool";
		};
/* End PBXNativeTarget section */

/* Begin PBXProject section */
		16D716EB1C9B2DE400838DEC /* Project object */ = {
			isa = PBXProject;
			attributes = {
				LastUpgradeCheck = 0720;
				ORGANIZATIONNAME = "Nemelka, Sydney";
				TargetAttributes = {
					16D716F21C9B2DE400838DEC = {
						CreatedOnToolsVersion = 7.2;
					};
				};
			};
			buildConfigurationList = 16D716EE1C9B2DE400838DEC /* Build configuration list for PBXProject "NodeStuff" */;
			compatibilityVersion = "Xcode 3.2";
			developmentRegion = English;
			hasScannedForEncodings = 0;
			knownRegions = (
				en,
			);
			mainGroup = 16D716EA1C9B2DE400838DEC;
			productRefGroup = 16D716F41C9B2DE400838DEC /* Products */;
			projectDirPath = "";
			projectRoot = "";
			targets = (
				16D716F21C9B2DE400838DEC /* NodeStuff */,
			);
		};
/* End PBXProject section */

/* Begin PBXSourcesBuildPhase section */
		16D716EF1C9B2DE400838DEC /* Sources */ = {
			isa = PBXSourcesBuildPhase;
			buildActionMask = 2147483647;
			files = (
				161799471CBC1E0600576D25 /* TreeNode.cpp in Sources */,
				168E90491CBC2D450064CBC7 /* CTECBinaryTree.cpp in Sources */,
			);
			runOnlyForDeploymentPostprocessing = 0;
		};
/* End PBXSourcesBuildPhase section */

/* Begin XCBuildConfiguration section */
		16D716F81C9B2DE400838DEC /* Debug */ = {
			isa = XCBuildConfiguration;
			buildSettings = {
				ALWAYS_SEARCH_USER_PATHS = NO;
				CLANG_CXX_LANGUAGE_STANDARD = "gnu++0x";
				CLANG_CXX_LIBRARY = "libc++";
				CLANG_ENABLE_MODULES = YES;
				CLANG_ENABLE_OBJC_ARC = YES;
				CLANG_WARN_BOOL_CONVERSION = YES;
				CLANG_WARN_CONSTANT_CONVERSION = YES;
				CLANG_WARN_DIRECT_OBJC_ISA_USAGE = YES_ERROR;
				CLANG_WARN_EMPTY_BODY = YES;
				CLANG_WARN_ENUM_CONVERSION = YES;
				CLANG_WARN_INT_CONVERSION = YES;
				CLANG_WARN_OBJC_ROOT_CLASS = YES_ERROR;
				CLANG_WARN_UNREACHABLE_CODE = YES;
				CLANG_WARN__DUPLICATE_METHOD_MATCH = YES;
				CODE_SIGN_IDENTITY = "-";
				COPY_PHASE_STRIP = NO;
				DEBUG_INFORMATION_FORMAT = dwarf;
				ENABLE_STRICT_OBJC_MSGSEND = YES;
				ENABLE_TESTABILITY = YES;
				GCC_C_LANGUAGE_STANDARD = gnu99;
				GCC_DYNAMIC_NO_PIC = NO;
				GCC_NO_COMMON_BLOCKS = YES;
				GCC_OPTIMIZATION_LEVEL = 0;
				GCC_PREPROCESSOR_DEFINITIONS = (
					"DEBUG=1",
					"$(inherited)",
				);
				GCC_WARN_64_TO_32_BIT_CONVERSION = YES;
				GCC_WARN_ABOUT_RETURN_TYPE = YES_ERROR;
				GCC_WARN_UNDECLARED_SELECTOR = YES;
				GCC_WARN_UNINITIALIZED_AUTOS = YES_AGGRESSIVE;
				GCC_WARN_UNUSED_FUNCTION = YES;
				GCC_WARN_UNUSED_VARIABLE = YES;
				MACOSX_DEPLOYMENT_TARGET = 10.10;
				MTL_ENABLE_DEBUG_INFO = YES;
				ONLY_ACTIVE_ARCH = YES;
				SDKROOT = macosx;
			};
			name = Debug;
		};
		16D716F91C9B2DE400838DEC /* Release */ = {
			isa = XCBuildConfiguration;
			buildSettings = {
				ALWAYS_SEARCH_USER_PATHS = NO;
				CLANG_CXX_LANGUAGE_STANDARD = "gnu++0x";
				CLANG_CXX_LIBRARY = "libc++";
				CLANG_ENABLE_MODULES = YES;
				CLANG_ENABLE_OBJC_ARC = YES;
				CLANG_WARN_BOOL_CONVERSION = YES;
				CLANG_WARN_CONSTANT_CONVERSION = YES;
				CLANG_WARN_DIRECT_OBJC_ISA_USAGE = YES_ERROR;
				CLANG_WARN_EMPTY_BODY = YES;
				CLANG_WARN_ENUM_CONVERSION = YES;
				CLANG_WARN_INT_CONVERSION = YES;
				CLANG_WARN_OBJC_ROOT_CLASS = YES_ERROR;
				CLANG_WARN_UNREACHABLE_CODE = YES;
				CLANG_WARN__DUPLICATE_METHOD_MATCH = YES;
				CODE_SIGN_IDENTITY = "-";
				COPY_PHASE_STRIP = NO;
				DEBUG_INFORMATION_FORMAT = "dwarf-with-dsym";
				ENABLE_NS_ASSERTIONS = NO;
				ENABLE_STRICT_OBJC_MSGSEND = YES;
				GCC_C_LANGUAGE_STANDARD = gnu99;
				GCC_NO_COMMON_BLOCKS = YES;
				GCC_WARN_64_TO_32_BIT_CONVERSION = YES;
				GCC_WARN_ABOUT_RETURN_TYPE = YES_ERROR;
				GCC_WARN_UNDECLARED_SELECTOR = YES;
				GCC_WARN_UNINITIALIZED_AUTOS = YES_AGGRESSIVE;
				GCC_WARN_UNUSED_FUNCTION = YES;
				GCC_WARN_UNUSED_VARIABLE = YES;
				MACOSX_DEPLOYMENT_TARGET = 10.10;
				MTL_ENABLE_DEBUG_INFO = NO;
				SDKROOT = macosx;
			};
			name = Release;
		};
		16D716FB1C9B2DE400838DEC /* Debug */ = {
			isa = XCBuildConfiguration;
			buildSettings = {
				PRODUCT_NAME = "$(TARGET_NAME)";
			};
			name = Debug;
		};
		16D716FC1C9B2DE400838DEC /* Release */ = {
			isa = XCBuildConfiguration;
			buildSettings = {
				PRODUCT_NAME = "$(TARGET_NAME)";
			};
			name = Release;
		};
/* End XCBuildConfiguration section */

/* Begin XCConfigurationList section */
		16D716EE1C9B2DE400838DEC /* Build configuration list for PBXProject "NodeStuff" */ = {
			isa = XCConfigurationList;
			buildConfigurations = (
				16D716F81C9B2DE400838DEC /* Debug */,
				16D716F91C9B2DE400838DEC /* Release */,
			);
			defaultConfigurationIsVisible = 0;
			defaultConfigurationName = Release;
		};
		16D716FA1C9B2DE400838DEC /* Build configuration list for PBXNativeTarget "NodeStuff" */ = {
			isa = XCConfigurationList;
			buildConfigurations = (
				16D716FB1C9B2DE400838DEC /* Debug */,
				16D716FC1C9B2DE400838DEC /* Release */,
			);
			defaultConfigurationIsVisible = 0;
			defaultConfigurationName = Release;
		};
/* End XCConfigurationList section */
	};
	rootObject = 16D716EB1C9B2DE400838DEC /* Project object */;
}
